Microsoft Visual Studio Solution File, Format Version 11.00
# Visual Studio 2008

Project("{6F680D08-8876-582E-D574-E41B77F3663B}") = "Alche(me)", "Assembly-CSharp-firstpass.csproj", "{93E028A5-8F2C-BEB9-BE86-CF64715B0E8C}"
EndProject
Project("{6F680D08-8876-582E-D574-E41B77F3663B}") = "Alche(me)", "Assembly-CSharp.csproj", "{2493F15C-9554-5507-F920-6AE071E2966F}"
EndProject
Project("{6F680D08-8876-582E-D574-E41B77F3663B}") = "Alche(me)", "Assembly-CSharp-Editor.csproj", "{7B38C783-7486-143A-C1CF-BA8052F2BD7A}"
EndProject
Global
	GlobalSection(SolutionConfigurationPlatforms) = preSolution
		Debug|Any CPU = Debug|Any CPU
		Release|Any CPU = Release|Any CPU
	EndGlobalSection
	GlobalSection(ProjectConfigurationPlatforms) = postSolution
		{93E028A5-8F2C-BEB9-BE86-CF64715B0E8C}.Debug|Any CPU.ActiveCfg = Debug|Any CPU
		{93E028A5-8F2C-BEB9-BE86-CF64715B0E8C}.Debug|Any CPU.Build.0 = Debug|Any CPU
		{93E028A5-8F2C-BEB9-BE86-CF64715B0E8C}.Release|Any CPU.ActiveCfg = Release|Any CPU
		{93E028A5-8F2C-BEB9-BE86-CF64715B0E8C}.Release|Any CPU.Build.0 = Release|Any CPU
		{2493F15C-9554-5507-F920-6AE071E2966F}.Debug|Any CPU.ActiveCfg = Debug|Any CPU
		{2493F15C-9554-5507-F920-6AE071E2966F}.Debug|Any CPU.Build.0 = Debug|Any CPU
		{2493F15C-9554-5507-F920-6AE071E2966F}.Release|Any CPU.ActiveCfg = Release|Any CPU
		{2493F15C-9554-5507-F920-6AE071E2966F}.Release|Any CPU.Build.0 = Release|Any CPU
		{7B38C783-7486-143A-C1CF-BA8052F2BD7A}.Debug|Any CPU.ActiveCfg = Debug|Any CPU
		{7B38C783-7486-143A-C1CF-BA8052F2BD7A}.Debug|Any CPU.Build.0 = Debug|Any CPU
		{7B38C783-7486-143A-C1CF-BA8052F2BD7A}.Release|Any CPU.ActiveCfg = Release|Any CPU
		{7B38C783-7486-143A-C1CF-BA8052F2BD7A}.Release|Any CPU.Build.0 = Release|Any CPU
	EndGlobalSection
	GlobalSection(SolutionProperties) = preSolution
		HideSolutionNode = FALSE
	EndGlobalSection
	GlobalSection(MonoDevelopProperties) = preSolution
		StartupItem = Assembly-CSharp.csproj
	EndGlobalSection
EndGlobal
