
Microsoft Visual Studio Solution File, Format Version 12.00
# Visual Studio 2015
Project("{FAE04EC0-301F-11D3-BF4B-00C04F79EFBC}") = "Alche(me).CSharp.Plugins", "Alche(me).CSharp.Plugins.csproj", "{BED73051-57E2-4EAD-605A-AA3C8F657DE0}"
EndProject
Project("{FAE04EC0-301F-11D3-BF4B-00C04F79EFBC}") = "Alche(me).CSharp", "Alche(me).CSharp.csproj", "{C78BC018-17A6-E5FA-68A9-270E9E40FC65}"
EndProject
Project("{FAE04EC0-301F-11D3-BF4B-00C04F79EFBC}") = "Alche(me).CSharp.Editor", "Alche(me).CSharp.Editor.csproj", "{32FF48B3-29A7-D1AC-AC79-F9A480561117}"
EndProject
Global
	GlobalSection(SolutionConfigurationPlatforms) = preSolution
		Debug|Any CPU = Debug|Any CPU
		Release|Any CPU = Release|Any CPU
	EndGlobalSection
	GlobalSection(ProjectConfigurationPlatforms) = postSolution
		{BED73051-57E2-4EAD-605A-AA3C8F657DE0}.Debug|Any CPU.ActiveCfg = Debug|Any CPU
		{BED73051-57E2-4EAD-605A-AA3C8F657DE0}.Debug|Any CPU.Build.0 = Debug|Any CPU
		{BED73051-57E2-4EAD-605A-AA3C8F657DE0}.Release|Any CPU.ActiveCfg = Release|Any CPU
		{BED73051-57E2-4EAD-605A-AA3C8F657DE0}.Release|Any CPU.Build.0 = Release|Any CPU
		{C78BC018-17A6-E5FA-68A9-270E9E40FC65}.Debug|Any CPU.ActiveCfg = Debug|Any CPU
		{C78BC018-17A6-E5FA-68A9-270E9E40FC65}.Debug|Any CPU.Build.0 = Debug|Any CPU
		{C78BC018-17A6-E5FA-68A9-270E9E40FC65}.Release|Any CPU.ActiveCfg = Release|Any CPU
		{C78BC018-17A6-E5FA-68A9-270E9E40FC65}.Release|Any CPU.Build.0 = Release|Any CPU
		{32FF48B3-29A7-D1AC-AC79-F9A480561117}.Debug|Any CPU.ActiveCfg = Debug|Any CPU
		{32FF48B3-29A7-D1AC-AC79-F9A480561117}.Debug|Any CPU.Build.0 = Debug|Any CPU
		{32FF48B3-29A7-D1AC-AC79-F9A480561117}.Release|Any CPU.ActiveCfg = Release|Any CPU
		{32FF48B3-29A7-D1AC-AC79-F9A480561117}.Release|Any CPU.Build.0 = Release|Any CPU
	EndGlobalSection
	GlobalSection(SolutionProperties) = preSolution
		HideSolutionNode = FALSE
	EndGlobalSection
EndGlobal
